
Microsoft Visual Studio Solution File, Format Version 12.00
# Visual Studio Version 16
VisualStudioVersion = 16.0.30011.22
MinimumVisualStudioVersion = 10.0.40219.1
Project("{9A19103F-16F7-4668-BE54-9A1E7A4F7556}") = "StockTrackerApp", "StockTrackerApp\StockTrackerApp.csproj", "{6E442965-51AC-4993-B9E0-1B586F3D6536}"
EndProject
Project("{9A19103F-16F7-4668-BE54-9A1E7A4F7556}") = "StockDataManager", "D:\workstation\StockApp\StockTrackerApp\StockDataManager\StockDataManager.csproj", "{F5AF9BBB-D5CA-42FE-BE2E-A6DE164AAD1E}"
EndProject
Project("{9A19103F-16F7-4668-BE54-9A1E7A4F7556}") = "StockDataManager.Test", "D:\workstation\StockApp\StockTrackerApp\StockDataManager.Test\StockDataManager.Test.csproj", "{8AD10C63-D7D5-4C03-A8B1-25CA66DFCEC2}"
EndProject
Global
	GlobalSection(SolutionConfigurationPlatforms) = preSolution
		Debug|Any CPU = Debug|Any CPU
		Release|Any CPU = Release|Any CPU
	EndGlobalSection
	GlobalSection(ProjectConfigurationPlatforms) = postSolution
		{6E442965-51AC-4993-B9E0-1B586F3D6536}.Debug|Any CPU.ActiveCfg = Debug|Any CPU
		{6E442965-51AC-4993-B9E0-1B586F3D6536}.Debug|Any CPU.Build.0 = Debug|Any CPU
		{6E442965-51AC-4993-B9E0-1B586F3D6536}.Release|Any CPU.ActiveCfg = Release|Any CPU
		{6E442965-51AC-4993-B9E0-1B586F3D6536}.Release|Any CPU.Build.0 = Release|Any CPU
		{F5AF9BBB-D5CA-42FE-BE2E-A6DE164AAD1E}.Debug|Any CPU.ActiveCfg = Debug|Any CPU
		{F5AF9BBB-D5CA-42FE-BE2E-A6DE164AAD1E}.Debug|Any CPU.Build.0 = Debug|Any CPU
		{F5AF9BBB-D5CA-42FE-BE2E-A6DE164AAD1E}.Release|Any CPU.ActiveCfg = Release|Any CPU
		{F5AF9BBB-D5CA-42FE-BE2E-A6DE164AAD1E}.Release|Any CPU.Build.0 = Release|Any CPU
		{8AD10C63-D7D5-4C03-A8B1-25CA66DFCEC2}.Debug|Any CPU.ActiveCfg = Debug|Any CPU
		{8AD10C63-D7D5-4C03-A8B1-25CA66DFCEC2}.Debug|Any CPU.Build.0 = Debug|Any CPU
		{8AD10C63-D7D5-4C03-A8B1-25CA66DFCEC2}.Release|Any CPU.ActiveCfg = Release|Any CPU
		{8AD10C63-D7D5-4C03-A8B1-25CA66DFCEC2}.Release|Any CPU.Build.0 = Release|Any CPU
	EndGlobalSection
	GlobalSection(SolutionProperties) = preSolution
		HideSolutionNode = FALSE
	EndGlobalSection
	GlobalSection(ExtensibilityGlobals) = postSolution
		SolutionGuid = {81F0253B-8A76-42B5-AE0F-9F68A3B79934}
	EndGlobalSection
EndGlobal
