
Microsoft Visual Studio Solution File, Format Version 12.00
# Visual Studio Version 16
VisualStudioVersion = 16.0.30011.22
MinimumVisualStudioVersion = 10.0.40219.1
Project("{9A19103F-16F7-4668-BE54-9A1E7A4F7556}") = "StockTrackerApp", "StockTrackerApp\StockTrackerApp.csproj", "{6E442965-51AC-4993-B9E0-1B586F3D6536}"
EndProject
Project("{9A19103F-16F7-4668-BE54-9A1E7A4F7556}") = "StockDataManager", "StockDataManager\StockDataManager.csproj", "{3C078E42-44A5-4D28-BD01-02FC9CAA81DA}"
EndProject
Project("{9A19103F-16F7-4668-BE54-9A1E7A4F7556}") = "StockDataManager.Test", "StockDataManager.Test\StockDataManager.Test.csproj", "{C749296B-C7B5-45E9-ACD8-41A41D290986}"
EndProject
Global
	GlobalSection(SolutionConfigurationPlatforms) = preSolution
		Debug|Any CPU = Debug|Any CPU
		Release|Any CPU = Release|Any CPU
	EndGlobalSection
	GlobalSection(ProjectConfigurationPlatforms) = postSolution
		{6E442965-51AC-4993-B9E0-1B586F3D6536}.Debug|Any CPU.ActiveCfg = Debug|Any CPU
		{6E442965-51AC-4993-B9E0-1B586F3D6536}.Debug|Any CPU.Build.0 = Debug|Any CPU
		{6E442965-51AC-4993-B9E0-1B586F3D6536}.Release|Any CPU.ActiveCfg = Release|Any CPU
		{6E442965-51AC-4993-B9E0-1B586F3D6536}.Release|Any CPU.Build.0 = Release|Any CPU
		{3C078E42-44A5-4D28-BD01-02FC9CAA81DA}.Debug|Any CPU.ActiveCfg = Debug|Any CPU
		{3C078E42-44A5-4D28-BD01-02FC9CAA81DA}.Debug|Any CPU.Build.0 = Debug|Any CPU
		{3C078E42-44A5-4D28-BD01-02FC9CAA81DA}.Release|Any CPU.ActiveCfg = Release|Any CPU
		{3C078E42-44A5-4D28-BD01-02FC9CAA81DA}.Release|Any CPU.Build.0 = Release|Any CPU
		{C749296B-C7B5-45E9-ACD8-41A41D290986}.Debug|Any CPU.ActiveCfg = Debug|Any CPU
		{C749296B-C7B5-45E9-ACD8-41A41D290986}.Debug|Any CPU.Build.0 = Debug|Any CPU
		{C749296B-C7B5-45E9-ACD8-41A41D290986}.Release|Any CPU.ActiveCfg = Release|Any CPU
		{C749296B-C7B5-45E9-ACD8-41A41D290986}.Release|Any CPU.Build.0 = Release|Any CPU
	EndGlobalSection
	GlobalSection(SolutionProperties) = preSolution
		HideSolutionNode = FALSE
	EndGlobalSection
	GlobalSection(ExtensibilityGlobals) = postSolution
		SolutionGuid = {81F0253B-8A76-42B5-AE0F-9F68A3B79934}
	EndGlobalSection
EndGlobal
